github.com/jszwec/csvutil v1.5.0 h1:ErLnF1Qzzt9svk8CUY7CyLl/W9eET+KWPIZWkE1o6JM=
github.com/jszwec/csvutil v1.5.0/go.mod h1:Rpu7Uu9giO9subDyMCIQfHVDuLrcaC36UA4YcJjGBkg=
github.com/stevelacy/daz v0.1.4 h1:ugmff/D7D764wZjXSgSryEINE/bi+Xddllw3JQQGbWk=
github.com/stevelacy/daz v0.1.4/go.mod h1:AbK6DzjiIL15r4bQtcFvOBAvDGMXoh+uIG26NRUugt0=
